
Microsoft Visual Studio Solution File, Format Version 12.00
# Visual Studio 15
VisualStudioVersion = 15.0.28307.1169
MinimumVisualStudioVersion = 10.0.40219.1
Project("{8BC9CEB8-8B4A-11D0-8D11-00A0C91BC942}") = "Project1", "Project1\Project1.vcxproj", "{4CB89867-770D-4E8F-BAF2-EFAE8CFF0165}"
EndProject
Global
	GlobalSection(SolutionConfigurationPlatforms) = preSolution
		Debug|x64 = Debug|x64
		Debug|x86 = Debug|x86
		Release|x64 = Release|x64
		Release|x86 = Release|x86
	EndGlobalSection
	GlobalSection(ProjectConfigurationPlatforms) = postSolution
		{4CB89867-770D-4E8F-BAF2-EFAE8CFF0165}.Debug|x64.ActiveCfg = Debug|x64
		{4CB89867-770D-4E8F-BAF2-EFAE8CFF0165}.Debug|x64.Build.0 = Debug|x64
		{4CB89867-770D-4E8F-BAF2-EFAE8CFF0165}.Debug|x86.ActiveCfg = Debug|Win32
		{4CB89867-770D-4E8F-BAF2-EFAE8CFF0165}.Debug|x86.Build.0 = Debug|Win32
		{4CB89867-770D-4E8F-BAF2-EFAE8CFF0165}.Release|x64.ActiveCfg = Release|x64
		{4CB89867-770D-4E8F-BAF2-EFAE8CFF0165}.Release|x64.Build.0 = Release|x64
		{4CB89867-770D-4E8F-BAF2-EFAE8CFF0165}.Release|x86.ActiveCfg = Release|Win32
		{4CB89867-770D-4E8F-BAF2-EFAE8CFF0165}.Release|x86.Build.0 = Release|Win32
	EndGlobalSection
	GlobalSection(SolutionProperties) = preSolution
		HideSolutionNode = FALSE
	EndGlobalSection
	GlobalSection(ExtensibilityGlobals) = postSolution
		SolutionGuid = {AAB25A5F-08AE-40BC-BE26-13D86C542691}
	EndGlobalSection
EndGlobal
