<?xml version="1.0" encoding="utf-8"?>
<Project ToolsVersion="4.0" xmlns="http://schemas.microsoft.com/developer/msbuild/2003">
  <ItemGroup>
    <ClCompile Include="GameL\Audio.cpp">
      <Filter>リソースファイル</Filter>
    </ClCompile>
    <ClCompile Include="GameL\DirectXDevice.cpp">
      <Filter>リソースファイル</Filter>
    </ClCompile>
    <ClCompile Include="GameL\Draw2DTex_Source.cpp">
      <Filter>リソースファイル</Filter>
    </ClCompile>
    <ClCompile Include="GameL\DrawFont.cpp">
      <Filter>リソースファイル</Filter>
    </ClCompile>
    <ClCompile Include="GameL\DrawTexture.cpp">
      <Filter>リソースファイル</Filter>
    </ClCompile>
    <ClCompile Include="GameL\GameL_Main.cpp">
      <Filter>リソースファイル</Filter>
    </ClCompile>
    <ClCompile Include="GameL\HitBoxManager.cpp">
      <Filter>リソースファイル</Filter>
    </ClCompile>
    <ClCompile Include="GameL\MultiThread.cpp">
      <Filter>リソースファイル</Filter>
    </ClCompile>
    <ClCompile Include="ObjBackground.cpp">
      <Filter>リソースファイル</Filter>
    </ClCompile>
    <ClCompile Include="GameL\SceneManager.cpp">
      <Filter>リソースファイル</Filter>
    </ClCompile>
    <ClCompile Include="GameL\SceneObjManager.cpp">
      <Filter>リソースファイル</Filter>
    </ClCompile>
    <ClCompile Include="GameL\SetWindow.cpp">
      <Filter>リソースファイル</Filter>
    </ClCompile>
    <ClCompile Include="GameL\UserData.cpp">
      <Filter>リソースファイル</Filter>
    </ClCompile>
    <ClCompile Include="UtilityModule.cpp">
      <Filter>リソースファイル</Filter>
    </ClCompile>
    <ClCompile Include="GameL\WinInputs.cpp">
      <Filter>リソースファイル</Filter>
    </ClCompile>
    <ClCompile Include="hero.cpp">
      <Filter>ソースファイル\主人公</Filter>
    </ClCompile>
    <ClCompile Include="item.cpp">
      <Filter>ソースファイル\アイテム</Filter>
    </ClCompile>
    <ClCompile Include="meteoL.cpp">
      <Filter>ソースファイル\敵</Filter>
    </ClCompile>
    <ClCompile Include="meteoLD.cpp">
      <Filter>ソースファイル\敵</Filter>
    </ClCompile>
    <ClCompile Include="meteoM.cpp">
      <Filter>ソースファイル\敵</Filter>
    </ClCompile>
    <ClCompile Include="meteoRD.cpp">
      <Filter>ソースファイル\敵</Filter>
    </ClCompile>
    <ClCompile Include="meteoS.cpp">
      <Filter>ソースファイル\敵</Filter>
    </ClCompile>
    <ClCompile Include="meteoSin.cpp">
      <Filter>ソースファイル\敵</Filter>
    </ClCompile>
    <ClCompile Include="ObjClear.cpp">
      <Filter>ソースファイル\クリア ・ゲームオーバー ・タイトル</Filter>
    </ClCompile>
    <ClCompile Include="ObjGameOver.cpp">
      <Filter>ソースファイル\クリア ・ゲームオーバー ・タイトル</Filter>
    </ClCompile>
    <ClCompile Include="ObjTitle.cpp">
      <Filter>ソースファイル\クリア ・ゲームオーバー ・タイトル</Filter>
    </ClCompile>
    <ClCompile Include="Oxygen.cpp">
      <Filter>ソースファイル\アイテム</Filter>
    </ClCompile>
    <ClCompile Include="SceneLast.cpp">
      <Filter>ソースファイル\ステージ</Filter>
    </ClCompile>
    <ClCompile Include="SceneClear.cpp">
      <Filter>ソースファイル\クリア ・ゲームオーバー ・タイトル</Filter>
    </ClCompile>
    <ClCompile Include="SceneGameOver.cpp">
      <Filter>ソースファイル\クリア ・ゲームオーバー ・タイトル</Filter>
    </ClCompile>
    <ClCompile Include="SceneTitle.cpp">
      <Filter>ソースファイル\クリア ・ゲームオーバー ・タイトル</Filter>
    </ClCompile>
    <ClCompile Include="SceneMain.cpp">
      <Filter>ソースファイル\ステージ</Filter>
    </ClCompile>
    <ClCompile Include="SceneStage2.cpp">
      <Filter>ソースファイル\ステージ</Filter>
    </ClCompile>
    <ClCompile Include="SceneStage3.cpp">
      <Filter>ソースファイル\ステージ</Filter>
    </ClCompile>
    <ClCompile Include="triplebullet.cpp">
      <Filter>ソースファイル\主人公\強化</Filter>
    </ClCompile>
    <ClCompile Include="triplebullet2.cpp">
      <Filter>ソースファイル\主人公\強化</Filter>
    </ClCompile>
    <ClCompile Include="bullet.cpp">
      <Filter>ソースファイル\主人公</Filter>
    </ClCompile>
    <ClCompile Include="shield.cpp">
      <Filter>ソースファイル\アイテム</Filter>
    </ClCompile>
    <ClCompile Include="Alien.cpp">
      <Filter>ソースファイル\敵</Filter>
    </ClCompile>
    <ClCompile Include="Boss.cpp">
      <Filter>ソースファイル\敵\ボス</Filter>
    </ClCompile>
    <ClCompile Include="Boss2.cpp">
      <Filter>ソースファイル\敵\ボス</Filter>
    </ClCompile>
    <ClCompile Include="Boss3.cpp">
      <Filter>ソースファイル\敵\ボス</Filter>
    </ClCompile>
    <ClCompile Include="Boss4.cpp">
      <Filter>ソースファイル\敵\ボス</Filter>
    </ClCompile>
    <ClCompile Include="Boss5.cpp">
      <Filter>ソースファイル\敵\ボス</Filter>
    </ClCompile>
    <ClCompile Include="Boss6.cpp">
      <Filter>ソースファイル\敵\ボス</Filter>
    </ClCompile>
    <ClCompile Include="SceneStage5.cpp">
      <Filter>ソースファイル\ステージ</Filter>
    </ClCompile>
    <ClCompile Include="SceneStage4.cpp">
      <Filter>ソースファイル\ステージ</Filter>
    </ClCompile>
    <ClCompile Include="BomBullet.cpp">
      <Filter>ソースファイル\主人公\強化</Filter>
    </ClCompile>
    <ClCompile Include="Bom.cpp">
      <Filter>ソースファイル\主人公\強化</Filter>
    </ClCompile>
    <ClCompile Include="explosion.cpp">
      <Filter>ソースファイル\その他</Filter>
    </ClCompile>
    <ClCompile Include="meteoEX.cpp">
      <Filter>ソースファイル\敵</Filter>
    </ClCompile>
    <ClCompile Include="SceneBossexp.cpp">
      <Filter>ソースファイル\敵\ボス</Filter>
    </ClCompile>
    <ClCompile Include="heroima.cpp">
      <Filter>ソースファイル\その他</Filter>
    </ClCompile>
    <ClCompile Include="bossima.cpp">
      <Filter>ソースファイル\その他</Filter>
    </ClCompile>
    <ClCompile Include="Bomb.cpp">
      <Filter>ソースファイル\アイテム</Filter>
    </ClCompile>
  </ItemGroup>
  <ItemGroup>
    <ClInclude Include="GameHead.h">
      <Filter>ヘッダーファイル</Filter>
    </ClInclude>
    <ClInclude Include="main.h">
      <Filter>ヘッダーファイル</Filter>
    </ClInclude>
    <ClInclude Include="GameL\Audio.h">
      <Filter>リソースファイル</Filter>
    </ClInclude>
    <ClInclude Include="GameL\DirectXDevice.h">
      <Filter>リソースファイル</Filter>
    </ClInclude>
    <ClInclude Include="GameL\DrawFont.h">
      <Filter>リソースファイル</Filter>
    </ClInclude>
    <ClInclude Include="GameL\DrawTexture.h">
      <Filter>リソースファイル</Filter>
    </ClInclude>
    <ClInclude Include="GameL\HitBoxManager.h">
      <Filter>リソースファイル</Filter>
    </ClInclude>
    <ClInclude Include="GameL\MultiThread.h">
      <Filter>リソースファイル</Filter>
    </ClInclude>
    <ClInclude Include="ObjBackground.h">
      <Filter>リソースファイル</Filter>
    </ClInclude>
    <ClInclude Include="GameL\SceneManager.h">
      <Filter>リソースファイル</Filter>
    </ClInclude>
    <ClInclude Include="GameL\SceneObjManager.h">
      <Filter>リソースファイル</Filter>
    </ClInclude>
    <ClInclude Include="GameL\SetWindow.h">
      <Filter>リソースファイル</Filter>
    </ClInclude>
    <ClInclude Include="GameL\UserData.h">
      <Filter>リソースファイル</Filter>
    </ClInclude>
    <ClInclude Include="UtilityModule.h">
      <Filter>リソースファイル</Filter>
    </ClInclude>
    <ClInclude Include="GameL\WinInputs.h">
      <Filter>リソースファイル</Filter>
    </ClInclude>
    <ClInclude Include="hero.h">
      <Filter>ソースファイル\主人公</Filter>
    </ClInclude>
    <ClInclude Include="item.h">
      <Filter>ソースファイル\アイテム</Filter>
    </ClInclude>
    <ClInclude Include="meteoL.h">
      <Filter>ソースファイル\敵</Filter>
    </ClInclude>
    <ClInclude Include="meteoLD.h">
      <Filter>ソースファイル\敵</Filter>
    </ClInclude>
    <ClInclude Include="meteoM.h">
      <Filter>ソースファイル\敵</Filter>
    </ClInclude>
    <ClInclude Include="meteoRD.h">
      <Filter>ソースファイル\敵</Filter>
    </ClInclude>
    <ClInclude Include="meteoS.h">
      <Filter>ソースファイル\敵</Filter>
    </ClInclude>
    <ClInclude Include="meteoSin.h">
      <Filter>ソースファイル\敵</Filter>
    </ClInclude>
    <ClInclude Include="ObjClear.h">
      <Filter>ソースファイル\クリア ・ゲームオーバー ・タイトル</Filter>
    </ClInclude>
    <ClInclude Include="ObjGameOver.h">
      <Filter>ソースファイル\クリア ・ゲームオーバー ・タイトル</Filter>
    </ClInclude>
    <ClInclude Include="ObjTitle.h">
      <Filter>ソースファイル\クリア ・ゲームオーバー ・タイトル</Filter>
    </ClInclude>
    <ClInclude Include="Oxygen.h">
      <Filter>ソースファイル\アイテム</Filter>
    </ClInclude>
    <ClInclude Include="SceneLast.h">
      <Filter>ソースファイル\ステージ</Filter>
    </ClInclude>
    <ClInclude Include="SceneClear.h">
      <Filter>ソースファイル\クリア ・ゲームオーバー ・タイトル</Filter>
    </ClInclude>
    <ClInclude Include="SceneGameOver.h">
      <Filter>ソースファイル\クリア ・ゲームオーバー ・タイトル</Filter>
    </ClInclude>
    <ClInclude Include="SceneTitle.h">
      <Filter>ソースファイル\クリア ・ゲームオーバー ・タイトル</Filter>
    </ClInclude>
    <ClInclude Include="SceneMain.h">
      <Filter>ソースファイル\ステージ</Filter>
    </ClInclude>
    <ClInclude Include="SceneStage2.h">
      <Filter>ソースファイル\ステージ</Filter>
    </ClInclude>
    <ClInclude Include="SceneStage3.h">
      <Filter>ソースファイル\ステージ</Filter>
    </ClInclude>
    <ClInclude Include="SceneStage4.h">
      <Filter>ソースファイル\ステージ</Filter>
    </ClInclude>
    <ClInclude Include="triplebullet.h">
      <Filter>ソースファイル\主人公\強化</Filter>
    </ClInclude>
    <ClInclude Include="triplebullet2.h">
      <Filter>ソースファイル\主人公\強化</Filter>
    </ClInclude>
    <ClInclude Include="bullet.h">
      <Filter>ソースファイル\主人公</Filter>
    </ClInclude>
    <ClInclude Include="Alien.h">
      <Filter>ソースファイル\敵</Filter>
    </ClInclude>
    <ClInclude Include="shield.h">
      <Filter>ソースファイル\アイテム</Filter>
    </ClInclude>
    <ClInclude Include="Boss.h">
      <Filter>ソースファイル\敵\ボス</Filter>
    </ClInclude>
    <ClInclude Include="Boss2.h">
      <Filter>ソースファイル\敵\ボス</Filter>
    </ClInclude>
    <ClInclude Include="Boss3.h">
      <Filter>ソースファイル\敵\ボス</Filter>
    </ClInclude>
    <ClInclude Include="Boss4.h">
      <Filter>ソースファイル\敵\ボス</Filter>
    </ClInclude>
    <ClInclude Include="Boss5.h">
      <Filter>ソースファイル\敵\ボス</Filter>
    </ClInclude>
    <ClInclude Include="Boss6.h">
      <Filter>ソースファイル\敵\ボス</Filter>
    </ClInclude>
    <ClInclude Include="SceneStage5.h">
      <Filter>ソースファイル\ステージ</Filter>
    </ClInclude>
    <ClInclude Include="explosion.h">
      <Filter>ソースファイル\その他</Filter>
    </ClInclude>
    <ClInclude Include="BomBullet.h">
      <Filter>ソースファイル\主人公\強化</Filter>
    </ClInclude>
    <ClInclude Include="Bom.h">
      <Filter>ソースファイル\主人公\強化</Filter>
    </ClInclude>
    <ClInclude Include="meteoEX.h">
      <Filter>ソースファイル\敵</Filter>
    </ClInclude>
    <ClInclude Include="SceneBossexp.h">
      <Filter>ソースファイル\敵\ボス</Filter>
    </ClInclude>
    <ClInclude Include="heroima.h">
      <Filter>ソースファイル\その他</Filter>
    </ClInclude>
    <ClInclude Include="bossima.h">
      <Filter>ソースファイル\その他</Filter>
    </ClInclude>
    <ClInclude Include="Bomb.h">
      <Filter>ソースファイル\アイテム</Filter>
    </ClInclude>
  </ItemGroup>
  <ItemGroup>
    <Filter Include="ヘッダーファイル">
      <UniqueIdentifier>{94dff49c-a02a-4dc9-b502-419171003d93}</UniqueIdentifier>
    </Filter>
    <Filter Include="リソースファイル">
      <UniqueIdentifier>{eabc87a1-bb48-46e2-aeaa-e601cb849b75}</UniqueIdentifier>
    </Filter>
    <Filter Include="ソースファイル">
      <UniqueIdentifier>{cc9b15e4-d8d3-461d-abc5-76c38358d685}</UniqueIdentifier>
    </Filter>
    <Filter Include="ソースファイル\クリア ・ゲームオーバー ・タイトル">
      <UniqueIdentifier>{40b295e0-0599-49c1-ba33-f68cf677416a}</UniqueIdentifier>
    </Filter>
    <Filter Include="ソースファイル\その他">
      <UniqueIdentifier>{32ec1988-2e16-4be6-9024-e79db01dc760}</UniqueIdentifier>
    </Filter>
    <Filter Include="ソースファイル\ステージ">
      <UniqueIdentifier>{f6b80e36-e417-4c92-b2dd-c4a755816dc0}</UniqueIdentifier>
    </Filter>
    <Filter Include="ソースファイル\敵">
      <UniqueIdentifier>{d108a358-2232-46e1-b277-cb97783ccd61}</UniqueIdentifier>
    </Filter>
    <Filter Include="ソースファイル\アイテム">
      <UniqueIdentifier>{832d285d-1c06-445d-ae30-fcb0f109b3e1}</UniqueIdentifier>
    </Filter>
    <Filter Include="ソースファイル\主人公">
      <UniqueIdentifier>{50fa9703-9cfb-4b95-8159-049cfca30bc8}</UniqueIdentifier>
    </Filter>
    <Filter Include="ソースファイル\主人公\強化">
      <UniqueIdentifier>{02ce69af-2357-4ed8-880e-2ce0b8f02f8a}</UniqueIdentifier>
    </Filter>
    <Filter Include="ソースファイル\敵\ボス">
      <UniqueIdentifier>{5fe6f285-99e7-49be-8ca9-0379621c6e8f}</UniqueIdentifier>
    </Filter>
  </ItemGroup>
</Project>